github.com/BurntSushi/toml v0.3.1/go.mod h1:xHWCNGjB5oqiDr8zfno3MHue2Ht5sIBksp03qcyfWMU=
github.com/beorn7/perks v0.0.0-20180321164747-3a771d992973 h1:xJ4a3vCFaGF/jqvzLMYoU8P317H5OQ+Via4RmuPwCS0=
github.com/beorn7/perks v0.0.0-20180321164747-3a771d992973/go.mod h1:Dwedo/Wpr24TaqPxmxbtue+5NUziq4I4S80YR8gNf3Q=
github.com/boltdb/bolt v1.3.1 h1:JQmyP4ZBrce+ZQu0dY660FMfatumYDLun9hBCUVIkF4=
github.com/boltdb/bolt v1.3.1/go.mod h1:clJnj/oiGkjum5o1McbSZDSLxVThjynRyGBgiAx27Ps=
github.com/br0xen/termbox-util v0.0.0-20170904143325-de1d4c83380e/go.mod h1:x9wJlgOj74OFTOBwXOuO8pBguW37EgYNx51Dbjkfzo4=
github.com/br0xen/termbox-util v0.0.0-20190325151025-c168c0df31ca h1:UMJCb+zIdrTX68nP5byq1xjW72UIqMBNxcYPlPFhnOs=
github.com/br0xen/termbox-util v0.0.0-20190325151025-c168c0df31ca/go.mod h1:x9wJlgOj74OFTOBwXOuO8pBguW37EgYNx51Dbjkfzo4=
github.com/cenkalti/backoff/v3 v3.0.0 h1:ske+9nBpD9qZsTBoF41nW5L+AIuFBKMeze18XQ3eG1c=
github.com/cenkalti/backoff/v3 v3.0.0/go.mod h1:cIeZDE3IrqwwJl6VUwCN6trj1oXrTS4rc0ij+ULvLYs=
github.com/cenkalti/boltbrowser v0.0.0-20190327195521-ebed13c76690 h1:cUjJIucCXCb0CWVYLvuYbUn4TID1NL+cqNboGRMekKk=
github.com/cenkalti/boltbrowser v0.0.0-20190327195521-ebed13c76690/go.mod h1:TRC4W+aL8EZntkBiCvi7AGR0MH3JdBZUEx29Xm8cVoU=
github.com/cenkalti/go-metrics v0.0.0-20190910102919-35c391953d1c h1:z+Syy0AMNLWpMEbuTGkhCaVqrS2nh5xJVLuvtDxoT+g=
github.com/cenkalti/go-metrics v0.0.0-20190910102919-35c391953d1c/go.mod h1:vQgsGO875RMj4Mm16CEKHg2FI4Xy+pvqZv9mk89xnOE=
github.com/cenkalti/log v0.0.0-20180808170110-e1cf6d40cbc3 h1:nv2JM6LWP694ueOJwZ5OcSzKYK7JZ4v7sXrbTLW4+7A=
github.com/cenkalti/log v0.0.0-20180808170110-e1cf6d40cbc3/go.mod h1:tZQKVjO9EM2I22rk9cNNoboHztmdUb2nLgScA/+0Iu4=
github.com/chihaya/chihaya v0.0.0-20190113170711-5f99a7e77885 h1:HkDKeaaS74nwsubgO2SwymSwJzc0IDU2gFapa7B6DPs=
github.com/chihaya/chihaya v0.0.0-20190113170711-5f99a7e77885/go.mod h1:R/1P5chAj7iwhYH1bQLs1H+nHdMKXvO3TCc6OB0P+io=
github.com/cpuguy83/go-md2man/v2 v2.0.0-20190314233015-f79a8a8ca69d h1:U+s90UTSYgptZMwQh2aRr3LuazLJIa+Pg3Kc1ylSYVY=
github.com/cpuguy83/go-md2man/v2 v2.0.0-20190314233015-f79a8a8ca69d/go.mod h1:maD7wRr/U5Z6m/iR4s+kqSMx2CaBsrgA7czyZG/E6dU=
github.com/cpuguy83/go-md2man/v2 v2.0.0 h1:EoUDS0afbrsXAZ9YQ9jdu/mZ2sXgT1/2yyNng4PGlyM=
github.com/cpuguy83/go-md2man/v2 v2.0.0/go.mod h1:maD7wRr/U5Z6m/iR4s+kqSMx2CaBsrgA7czyZG/E6dU=
github.com/cyberdelia/go-metrics-graphite v0.0.0-20161219230853-39f87cc3b432 h1:M5QgkYacWj0Xs8MhpIK/5uwU02icXpEoSo9sM2aRCps=
github.com/cyberdelia/go-metrics-graphite v0.0.0-20161219230853-39f87cc3b432/go.mod h1:xwIwAxMvYnVrGJPe2FKx5prTrnAjGOD8zvDOnxnrrkM=
github.com/davecgh/go-spew v1.1.1 h1:vj9j/u1bqnvCEfJOwUhtlOARqs3+rkHYY13jYWTU97c=
github.com/davecgh/go-spew v1.1.1/go.mod h1:J7Y8YcW2NihsgmVo/mv3lAwl/skON4iLHjSsI+c5H38=
github.com/fatih/color v1.7.0 h1:DkWD4oS2D8LGGgTQ6IvwJJXSL5Vp2ffcQg58nFV38Ys=
github.com/fatih/color v1.7.0/go.mod h1:Zm6kSWBoL9eyXnKyktHP6abPY2pDugNf5KwzbycvMj4=
github.com/fatih/structs v1.1.0 h1:Q7juDM0QtcnhCpeyLGQKyg4TOIghuNXrkL32pHAUMxo=
github.com/fatih/structs v1.1.0/go.mod h1:9NiDSp5zOcgEDl+j00MP/WkGVPOlPRLejGD8Ga6PJ7M=
github.com/fortytw2/leaktest v1.3.0 h1:u8491cBMTQ8ft8aeV+adlcytMZylmA5nnwwkRZjI8vw=
github.com/fortytw2/leaktest v1.3.0/go.mod h1:jDsjWgpAGjm2CA7WthBh/CdZYEPF31XHquHwclZch5g=
github.com/gofrs/uuid v3.2.0+incompatible h1:y12jRkkFxsd7GpqdSZ+/KCs/fJbqpEXSGd4+jfEaewE=
github.com/gofrs/uuid v3.2.0+incompatible/go.mod h1:b2aQJv3Z4Fp6yNu3cdSllBxTCLRxnplIgP/c0N/04lM=
github.com/golang/groupcache v0.0.0-20181024230925-c65c006176ff h1:kOkM9whyQYodu09SJ6W3NCsHG7crFaJILQ22Gozp3lg=
github.com/golang/groupcache v0.0.0-20181024230925-c65c006176ff/go.mod h1:cIg4eruTrX1D+g88fzRXU5OdNfaM+9IcxsU14FzY7Hc=
github.com/golang/protobuf v1.2.0 h1:P3YflyNX/ehuJFLhxviNdFxQPkGK5cDcApsge1SqnvM=
github.com/golang/protobuf v1.2.0/go.mod h1:6lQm79b+lXiMfvg/cZm0SGofjICqVBUtrP5yJMmIC1U=
github.com/google/btree v1.0.0 h1:0udJVsspx3VBr5FwtLhQQtuAsVc79tTq0ocGIPAU6qo=
github.com/google/btree v1.0.0/go.mod h1:lNA+9X1NB3Zf8V7Ke586lFgjr2dZNuvo3lPJSGZ5JPQ=
github.com/hashicorp/errwrap v0.0.0-20180715044906-d6c0cd880357 h1:Rem2+U35z1QtPQc6r+WolF7yXiefXqDKyk+lN2pE164=
github.com/hashicorp/errwrap v0.0.0-20180715044906-d6c0cd880357/go.mod h1:YH+1FKiLXxHSkmPseP+kNlulaMuP3n2brvKWEqk/Jc4=
github.com/hashicorp/go-multierror v0.0.0-20180717150148-3d5d8f294aa0 h1:j30noezaCfvNLcdMYSvHLv81DxYRSt1grlpseG67vhU=
github.com/hashicorp/go-multierror v0.0.0-20180717150148-3d5d8f294aa0/go.mod h1:JMRHfdO9jKNzS/+BTlxCjKNQHg/jZAft8U7LloJvN7I=
github.com/hokaccha/go-prettyjson v0.0.0-20180920040306-f579f869bbfe h1:MCgzztuoH5LZNr9AkIaicIDvCfACu11KUCCZQnRHDC0=
github.com/hokaccha/go-prettyjson v0.0.0-20180920040306-f579f869bbfe/go.mod h1:pFlLw2CfqZiIBOx6BuCeRLCrfxBJipTY0nIOF/VbGcI=
github.com/jackpal/bencode-go v0.0.0-20180813173944-227668e840fa h1:ym9I4Q1lJG8nu+j5R2H6mHOfVjYbSiwUOzh/AFs3Xfs=
github.com/jackpal/bencode-go v0.0.0-20180813173944-227668e840fa/go.mod h1:5FSBQ74yhCl5oQ+QxRPYzWMONFnxbL68/23eezsBI5c=
github.com/jroimartin/gocui v0.4.0 h1:52jnalstgmc25FmtGcWqa0tcbMEWS6RpFLsOIO+I+E8=
github.com/jroimartin/gocui v0.4.0/go.mod h1:7i7bbj99OgFHzo7kB2zPb8pXLqMBSQegY7azfqXMkyY=
github.com/juju/ratelimit v1.0.1 h1:+7AIFJVQ0EQgq/K9+0Krm7m530Du7tIz0METWzN0RgY=
github.com/juju/ratelimit v1.0.1/go.mod h1:qapgC/Gy+xNh9UxzV13HGGl/6UXNN+ct+vwSgWNm/qk=
github.com/julienschmidt/httprouter v1.1.0 h1:7wLdtIiIpzOkC9u6sXOozpBauPdskj3ru4EI5MABq68=
github.com/julienschmidt/httprouter v1.1.0/go.mod h1:SYymIcj16QtmaHHD7aYtjjsJG7VTCxuUUipMqKk8s4w=
github.com/konsorten/go-windows-terminal-sequences v1.0.1 h1:mweAR1A6xJ3oS2pRaGiHgQ4OO8tzTaLawm8vnODuwDk=
github.com/konsorten/go-windows-terminal-sequences v1.0.1/go.mod h1:T0+1ngSBFLxvqU3pZ+m/2kptfBszLMUkC4ZK/EgS/cQ=
github.com/mattn/go-colorable v0.0.9 h1:UVL0vNpWh04HeJXV0KLcaT7r06gOH2l4OW6ddYRUIY4=
github.com/mattn/go-colorable v0.0.9/go.mod h1:9vuHe8Xs5qXnSaW/c/ABM9alt+Vo+STaOChaDxuIBZU=
github.com/mattn/go-isatty v0.0.9 h1:d5US/mDsogSGW37IV293h//ZFaeajb69h+EHFsv2xGg=
github.com/mattn/go-isatty v0.0.9/go.mod h1:YNRxwqDuOph6SZLI9vUUz6OYw3QyUt7WiY2yME+cCiQ=
github.com/mattn/go-runewidth v0.0.3/go.mod h1:LwmH8dsx7+W8Uxz3IHJYH5QSwggIsqBzpuz5H//U1FU=
github.com/mattn/go-runewidth v0.0.4 h1:2BvfKmzob6Bmd4YsL0zygOqfdFnK7GR4QL06Do4/p7Y=
github.com/mattn/go-runewidth v0.0.4/go.mod h1:LwmH8dsx7+W8Uxz3IHJYH5QSwggIsqBzpuz5H//U1FU=
github.com/matttproud/golang_protobuf_extensions v1.0.1 h1:4hp9jkHxhMHkqkrB3Ix0jegS5sx/RkqARlsWZ6pIwiU=
github.com/matttproud/golang_protobuf_extensions v1.0.1/go.mod h1:D8He9yQNgCq6Z5Ld7szi9bcBfOoFv/3dc6xSMkL2PC0=
github.com/minio/blake2b-simd v0.0.0-20160723061019-3f5f724cb5b1 h1:lYpkrQH5ajf0OXOcUbGjvZxxijuBwbbmlSxLiuofa+g=
github.com/minio/blake2b-simd v0.0.0-20160723061019-3f5f724cb5b1/go.mod h1:pD8RvIylQ358TN4wwqatJ8rNavkEINozVn9DtGI3dfQ=
github.com/minio/sha256-simd v0.1.1-0.20190913151208-6de447530771/go.mod h1:B5e1o+1/KgNmWrSQK08Y6Z1Vb5pwIktudl0J58iy0KM=
github.com/minio/sha256-simd v0.1.1 h1:5QHSlgo3nt5yKOJrC7W8w7X+NFl8cMPZm96iu8kKUJU=
github.com/minio/sha256-simd v0.1.1/go.mod h1:B5e1o+1/KgNmWrSQK08Y6Z1Vb5pwIktudl0J58iy0KM=
github.com/mitchellh/go-homedir v1.0.0 h1:vKb8ShqSby24Yrqr/yDYkuFz8d0WUjys40rvnGC8aR0=
github.com/mitchellh/go-homedir v1.0.0/go.mod h1:SfyaCUpYCn1Vlf4IUYiD9fPX4A5wJrkLzIz1N1q0pr0=
github.com/mr-tron/base58 v1.1.2 h1:ZEw4I2EgPKDJ2iEw0cNmLB3ROrEmkOtXIkaG7wZg+78=
github.com/mr-tron/base58 v1.1.2/go.mod h1:BinMc/sQntlIE1frQmRFPUoPA1Zkr8VRgBdjWI2mNwc=
github.com/multiformats/go-multihash v0.0.8 h1:wrYcW5yxSi3dU07n5jnuS5PrNwyHy0zRHGVoUugWvXg=
github.com/multiformats/go-multihash v0.0.8/go.mod h1:YSLudS+Pi8NHE7o6tb3D8vrpKa63epEDmG8nTduyAew=
github.com/nictuku/dht v0.0.0-20190124164602-cd9a716ed885 h1:eXZtdjZUor24dUucq3CL8eXAtsD/tDJTn4blvNbfpbE=
github.com/nictuku/dht v0.0.0-20190124164602-cd9a716ed885/go.mod h1:98Ow1YQgkMOIwFDJLa+VTTYu0OpIM8YUgAfuSzMYQwM=
github.com/nictuku/nettools v0.0.0-20150117095333-8867a2107ad3 h1:q6P6rwaWsdWQlaDt0DYPtmpj37fq2S4/IrZQO0zx488=
github.com/nictuku/nettools v0.0.0-20150117095333-8867a2107ad3/go.mod h1:m19Kd92g5zm0IuGkdZo/OHBSPp9mqGlevOJu00nBoYs=
github.com/nsf/termbox-go v0.0.0-20180819125858-b66b20ab708e/go.mod h1:IuKpRQcYE1Tfu+oAQqaLisqDeXgjyyltCfsaoYN18NQ=
github.com/nsf/termbox-go v0.0.0-20190325093121-288510b9734e h1:Vbib8wJAaMEF9jusI/kMSYMr/LtRzM7+F9MJgt/nH8k=
github.com/nsf/termbox-go v0.0.0-20190325093121-288510b9734e/go.mod h1:IuKpRQcYE1Tfu+oAQqaLisqDeXgjyyltCfsaoYN18NQ=
github.com/pmezard/go-difflib v1.0.0 h1:4DBwDE0NGyQoBHbLQYPwSUPoCMWR5BEzIk/f1lZbAQM=
github.com/pmezard/go-difflib v1.0.0/go.mod h1:iKH77koFhYxTK1pcRnkKkqfTogsbg7gZNVY4sRDYZ/4=
github.com/powerman/rpc-codec v1.0.1 h1:TGrCOkZAjn7FK7P/weOHWiMWoP1rEhyoWL4sHzIwcnI=
github.com/powerman/rpc-codec v1.0.1/go.mod h1:ejFNlIqtIXHZp54ruzoffYL4LxC4vc1dOrZCosRbyl0=
github.com/prometheus/client_golang v0.8.0 h1:1921Yw9Gc3iSc4VQh3PIoOqgPCZS7G/4xQNVUp8Mda8=
github.com/prometheus/client_golang v0.8.0/go.mod h1:7SWBe2y4D6OKWSNQJUaRYU/AaXPKyh/dDVn+NZz0KFw=
github.com/prometheus/client_model v0.0.0-20180712105110-5c3871d89910 h1:idejC8f05m9MGOsuEi1ATq9shN03HrxNkD/luQvxCv8=
github.com/prometheus/client_model v0.0.0-20180712105110-5c3871d89910/go.mod h1:MbSGuTsp3dbXC40dX6PRTWyKYBIrTGTE9sqQNg2J8bo=
github.com/prometheus/common v0.0.0-20180801064454-c7de2306084e h1:n/3MEhJQjQxrOUCzh1Y3Re6aJUUWRp2M9+Oc3eVn/54=
github.com/prometheus/common v0.0.0-20180801064454-c7de2306084e/go.mod h1:daVV7qP5qjZbuso7PdcryaAu0sAZbrN9i7WWcTMWvro=
github.com/prometheus/procfs v0.0.0-20180920065004-418d78d0b9a7 h1:NgR6WN8nQ4SmFC1sSUHY8SriLuWCZ6cCIQtH4vDZN3c=
github.com/prometheus/procfs v0.0.0-20180920065004-418d78d0b9a7/go.mod h1:c3At6R/oaqEKCNdg8wHV1ftS6bRYblBhIjjI8uT2IGk=
github.com/russross/blackfriday/v2 v2.0.1 h1:lPqVAte+HuHNfhJ/0LC98ESWRz8afy9tM/0RK8m9o+Q=
github.com/russross/blackfriday/v2 v2.0.1/go.mod h1:+Rmxgy9KzJVeS9/2gXHxylqXiyQDYRxCVz55jmeOWTM=
github.com/shurcooL/sanitized_anchor_name v1.0.0 h1:PdmoCO6wvbs+7yrJyMORt4/BmY5IYyJwS/kOiWx8mHo=
github.com/shurcooL/sanitized_anchor_name v1.0.0/go.mod h1:1NzhyTcUVG4SuEtjjoZeVRXNmyL/1OwPU0+IJeTBvfc=
github.com/sirupsen/logrus v1.2.0 h1:juTguoYk5qI21pwyTXY3B3Y5cOTH3ZUyZCg1v/mihuo=
github.com/sirupsen/logrus v1.2.0/go.mod h1:LxeOpSwHxABJmUn/MG1IvRgCAasNZTLOkJPxbbu5VWo=
github.com/spaolacci/murmur3 v1.1.0 h1:7c1g84S4BPRrfL5Xrdp6fOJ206sU9y293DDHaoy0bLI=
github.com/spaolacci/murmur3 v1.1.0/go.mod h1:JwIasOWyU6f++ZhiEuf87xNszmSA2myDM2Kzu9HwQUA=
github.com/stretchr/objx v0.1.1/go.mod h1:HFkY916IF+rwdDfMAkV7OtwuqBVzrE8GR6GFx+wExME=
github.com/stretchr/testify v1.2.2 h1:bSDNvY7ZPG5RlJ8otE/7V6gMiyenm9RtJ7IUVIAoJ1w=
github.com/stretchr/testify v1.2.2/go.mod h1:a8OnRcib4nhh0OaRAV+Yts87kKdq0PP7pXfy6kDkUVs=
github.com/urfave/cli v1.22.1 h1:+mkCCcOFKPnCmVYVcURKps1Xe+3zP90gSYGNfRkjoIY=
github.com/urfave/cli v1.22.1/go.mod h1:Gos4lmkARVdJ6EkW0WaNv/tZAAMe9V7XWyB60NtXRu0=
github.com/youtube/vitess v2.2.0-rc.1+incompatible h1:3v09CMupxKooCj60rwxVrSDYnWy+Vrm++Vr3AX4R/5M=
github.com/youtube/vitess v2.2.0-rc.1+incompatible/go.mod h1:hpMim5/30F1r+0P8GGtB29d0gWHr0IZ5unS+CG0zMx8=
github.com/zeebo/bencode v0.0.0-20180308174530-d522839ac797 h1:kTx5tg7Fbg0HjuwoKWOohYThJqeoLCf3jZLwqa36CIk=
github.com/zeebo/bencode v0.0.0-20180308174530-d522839ac797/go.mod h1:Ct7CkrWIQuLWAy9M3atFHYq4kG9Ao/SsY5cdtCXmp9Y=
golang.org/x/crypto v0.0.0-20180904163835-0709b304e793/go.mod h1:6SG95UA2DQfeDnfUPMdvaQW0Q7yPrPDi9nlGo2tz2b4=
golang.org/x/crypto v0.0.0-20190308221718-c2843e01d9a2/go.mod h1:djNgcEr1/C05ACkg1iLfiJU5Ep61QUkGW8qpdssI0+w=
golang.org/x/crypto v0.0.0-20190611184440-5c40567a22f8 h1:1wopBVtVdWnn03fZelqdXTqk7U7zPQCb+T4rbU9ZEoU=
golang.org/x/crypto v0.0.0-20190611184440-5c40567a22f8/go.mod h1:yigFU9vqHzYiE8UmvKecakEJjdnWj3jj499lnFckfCI=
golang.org/x/net v0.0.0-20190404232315-eb5bcb51f2a3/go.mod h1:t9HGtf8HONx5eT2rtn7q6eTqICYqUVnKs3thJo3Qplg=
golang.org/x/sync v0.0.0-20190227155943-e225da77a7e6 h1:bjcUS9ztw9kFmmIxJInhon/0Is3p+EHBKNgquIzo1OI=
golang.org/x/sync v0.0.0-20190227155943-e225da77a7e6/go.mod h1:RxMgew5VJxzue5/jJTE5uejpjVlOe/izrB70Jof72aM=
golang.org/x/sys v0.0.0-20180905080454-ebe1bf3edb33 h1:I6FyU15t786LL7oL/hn43zqTuEGr4PN7F4XJ1p4E3Y8=
golang.org/x/sys v0.0.0-20180905080454-ebe1bf3edb33/go.mod h1:STP8DvDyc/dI5b8T5hshtkjS+E42TnysNCUPdjciGhY=
golang.org/x/sys v0.0.0-20190215142949-d0b11bdaac8a/go.mod h1:STP8DvDyc/dI5b8T5hshtkjS+E42TnysNCUPdjciGhY=
golang.org/x/sys v0.0.0-20190412213103-97732733099d/go.mod h1:h1NjWce9XRLGQEsW7wpKNCjG9DtNlClVuFLEZdDNbEs=
golang.org/x/sys v0.0.0-20190813064441-fde4db37ae7a/go.mod h1:h1NjWce9XRLGQEsW7wpKNCjG9DtNlClVuFLEZdDNbEs=
golang.org/x/sys v0.0.0-20190830142957-1e83adbbebd0 h1:7z820YPX9pxWR59qM7BE5+fglp4D/mKqAwCvGt11b+8=
golang.org/x/sys v0.0.0-20190830142957-1e83adbbebd0/go.mod h1:h1NjWce9XRLGQEsW7wpKNCjG9DtNlClVuFLEZdDNbEs=
golang.org/x/text v0.3.0/go.mod h1:NqM8EUOU14njkJ3fqMW+pc6Ldnwhi/IjpwHt7yyuwOQ=
gopkg.in/check.v1 v0.0.0-20161208181325-20d25e280405 h1:yhCVgyC4o1eVCa2tZl7eS0r+SDo693bJlVdllGtEeKM=
gopkg.in/check.v1 v0.0.0-20161208181325-20d25e280405/go.mod h1:Co6ibVJAznAaIkqp8huTwlJQCZ016jof/cbN4VW5Yz0=
gopkg.in/yaml.v2 v2.2.2 h1:ZCJp+EgiOT7lHqUV2J862kp8Qj64Jo6az82+3Td9dZw=
gopkg.in/yaml.v2 v2.2.2/go.mod h1:hI93XBmqTisBFMUTm0b8Fm+jr3Dg1NNxqwp+5A1VGuI=
