# This file is autogenerated, do not edit; changes may be undone by the next 'dep ensure'.


[[projects]]
  digest = "1:d867dfa6751c8d7a435821ad3b736310c2ed68945d05b50fb9d23aee0540c8cc"
  name = "github.com/Sirupsen/logrus"
  packages = ["."]
  pruneopts = "UT"
  revision = "3e01752db0189b9157070a0e1668a620f9a85da2"
  version = "v1.0.6"

[[projects]]
  branch = "master"
  digest = "1:c7c97afc7fc4235c8d3c9f95609183a541f9af3127214d677d0feda0a004eaaa"
  name = "github.com/cenkalti/backoff"
  packages = ["."]
  pruneopts = "UT"
  revision = "b7325b0f3f1097c6546ea5e83c4a23267e58ad71"

[[projects]]
  branch = "master"
  digest = "1:402a67c6210dea95b32f6d3cb07dce7197d2c30b04f943dee44035c6c0aec18a"
  name = "github.com/cenkalti/log"
  packages = ["."]
  pruneopts = "UT"
  revision = "e1cf6d40cbc30759a410e0552991897df9a91189"

[[projects]]
  branch = "master"
  digest = "1:b7a998cbfb041658a0a88f8f2a7776921e587fb6e08e08def4745525d8b983ef"
  name = "github.com/chihaya/bencode"
  packages = ["."]
  pruneopts = "UT"
  revision = "641906563e269b7b7ce906da1d0d752f43f90155"

[[projects]]
  digest = "1:2c88f4f57d874dfc149e9fb20fc85b33ca88cbf61b9265b2734cd22886d82a6b"
  name = "github.com/chihaya/chihaya"
  packages = [
    ".",
    "api",
    "config",
    "http",
    "http/query",
    "stats",
    "tracker",
    "tracker/models",
    "udp",
  ]
  pruneopts = "UT"
  revision = "c994988ad53eb85aeab8a5839f3a6c301b1c0c28"
  version = "v1.0.2"

[[projects]]
  branch = "master"
  digest = "1:a246a8d5c0f4fd783d7479be5ce3bbccdbbc7becb5ded47b554659a82fa0ef1d"
  name = "github.com/coreos/go-oidc"
  packages = [
    "http",
    "jose",
  ]
  pruneopts = "UT"
  revision = "a93f71fdfe73d2c0f5413c0565eea0af6523a6df"

[[projects]]
  branch = "master"
  digest = "1:8b626f4c0c8964c429b91bed5cd1744f0d40b46765653dc8d68d481c3eb613ca"
  name = "github.com/crosbymichael/tracker"
  packages = [
    "peer",
    "registry",
    "registry/inmem",
    "server",
  ]
  pruneopts = "UT"
  revision = "d54763ad6ba1d5176543b24ac4f36531eda24f30"

[[projects]]
  branch = "master"
  digest = "1:1ba1d79f2810270045c328ae5d674321db34e3aae468eb4233883b473c5c0467"
  name = "github.com/golang/glog"
  packages = ["."]
  pruneopts = "UT"
  revision = "23def4e6c14b4da8ac2ed8007337bc5eb5007998"

[[projects]]
  branch = "master"
  digest = "1:d1971637b21871ec2033a44ca87c99c5608a7340cb34ec75fab8d2ab503276c9"
  name = "github.com/hashicorp/errwrap"
  packages = ["."]
  pruneopts = "UT"
  revision = "d6c0cd88035724dd42e0f335ae30161c20575ecc"

[[projects]]
  branch = "master"
  digest = "1:46fb6a9f1b9667f32ac93e08b1da118b2c666991424ea12e848b05d4fe5155ef"
  name = "github.com/hashicorp/go-multierror"
  packages = ["."]
  pruneopts = "UT"
  revision = "3d5d8f294aa03d8e98859feac328afbdf1ae0703"

[[projects]]
  digest = "1:ccfa094742ce1c97fd3f6481e1bf98f3d9862510eee2bc0eb56e2745396bd330"
  name = "github.com/julienschmidt/httprouter"
  packages = ["."]
  pruneopts = "UT"
  revision = "8c199fb6259ffc1af525cc3ad52ee60ba8359669"
  version = "v1.1"

[[projects]]
  digest = "1:d4d17353dbd05cb52a2a52b7fe1771883b682806f68db442b436294926bbfafb"
  name = "github.com/mattn/go-isatty"
  packages = ["."]
  pruneopts = "UT"
  revision = "0360b2af4f38e8d38c7fce2a9f4e702702d73a39"
  version = "v0.0.3"

[[projects]]
  branch = "master"
  digest = "1:c7354463195544b1ab3c1f1fadb41430947f5d28dfbf2cdbd38268c5717a5a03"
  name = "github.com/mitchellh/go-homedir"
  packages = ["."]
  pruneopts = "UT"
  revision = "58046073cbffe2f25d425fe1331102f55cf719de"

[[projects]]
  branch = "master"
  digest = "1:85250dcb178458b41eaf816d3c0e0cf065ba6541f1f12d2e36c143ec92e0d7ba"
  name = "github.com/pushrax/bufferpool"
  packages = ["."]
  pruneopts = "UT"
  revision = "7d6e1653dee10a165d1f357f3a57bc8031e9621b"

[[projects]]
  branch = "master"
  digest = "1:2d5e69f056dc4047d8b94691be225ea0201c6508b88285ddffb03ebc2a86c272"
  name = "github.com/pushrax/faststats"
  packages = ["."]
  pruneopts = "UT"
  revision = "0fc2c5e41a187240ffaa09320eea7df9f8071388"

[[projects]]
  branch = "master"
  digest = "1:20044ff0100299ab29512371b218054c081fa0488ca9f31768cf73b51b538896"
  name = "github.com/pushrax/flatjson"
  packages = ["."]
  pruneopts = "UT"
  revision = "86044f1c998d49053e13293029414ddb63f3a422"

[[projects]]
  digest = "1:43b8a34f6390d8fbdcfd300ed52103064e9eaaecc7e50b7e3518fe246ebe8403"
  name = "github.com/tylerb/graceful"
  packages = ["."]
  pruneopts = "UT"
  revision = "4654dfbb6ad53cb5e27f37d99b02e16c1872fbbb"
  version = "v1.2.15"

[[projects]]
  branch = "master"
  digest = "1:989cecc9b845907b709cd9e7c383d9a68249f9bc32505005346f6f1b2460bf7f"
  name = "github.com/vbatts/go-bt"
  packages = ["bencode"]
  pruneopts = "UT"
  revision = "c9343672f0c1407aecf0c0c7a19c5bfadde27651"

[[projects]]
  branch = "master"
  digest = "1:45bbd451f918a413e45507b5d4c4163b5f1257aeabcba4186b60f97b02a68526"
  name = "github.com/zeebo/bencode"
  packages = ["."]
  pruneopts = "UT"
  revision = "d522839ac797fc43269dae6a04a1f8be475a915d"

[[projects]]
  digest = "1:c28625428387b63dd7154eb857f51e700465cfbf7c06f619e71f2da33cefe47e"
  name = "go.etcd.io/bbolt"
  packages = ["."]
  pruneopts = "UT"
  revision = "583e8937c61f1af6513608ccc75c97b6abdf4ff9"
  version = "v1.3.0"

[[projects]]
  branch = "master"
  digest = "1:3f3a05ae0b95893d90b9b3b5afdb79a9b3d96e4e36e099d841ae602e4aca0da8"
  name = "golang.org/x/crypto"
  packages = ["ssh/terminal"]
  pruneopts = "UT"
  revision = "f027049dab0ad238e394a753dba2d14753473a04"

[[projects]]
  branch = "master"
  digest = "1:de7f8e5ca9182a3bb6ef237c20d7a43dd57f6123c455b7131467765f2d981bcf"
  name = "golang.org/x/sys"
  packages = [
    "unix",
    "windows",
  ]
  pruneopts = "UT"
  revision = "0718ef2ef256118d53a01598f179001ec2af7626"

[[projects]]
  digest = "1:342378ac4dcb378a5448dd723f0784ae519383532f5e70ade24132c4c8693202"
  name = "gopkg.in/yaml.v2"
  packages = ["."]
  pruneopts = "UT"
  revision = "5420a8b6744d3b0345ab293f6fcba19c978f1183"
  version = "v2.2.1"

[solve-meta]
  analyzer-name = "dep"
  analyzer-version = 1
  input-imports = [
    "github.com/Sirupsen/logrus",
    "github.com/cenkalti/backoff",
    "github.com/cenkalti/log",
    "github.com/chihaya/chihaya",
    "github.com/crosbymichael/tracker/registry/inmem",
    "github.com/crosbymichael/tracker/server",
    "github.com/hashicorp/go-multierror",
    "github.com/mitchellh/go-homedir",
    "github.com/zeebo/bencode",
    "go.etcd.io/bbolt",
    "gopkg.in/yaml.v2",
  ]
  solver-name = "gps-cdcl"
  solver-version = 1
